
Microsoft Visual Studio Solution File, Format Version 12.00
# Visual Studio Version 17
VisualStudioVersion = 17.10.35122.118
MinimumVisualStudioVersion = 10.0.40219.1
Project("{FAE04EC0-301F-11D3-BF4B-00C04F79EFBC}") = "Assignment_EF_3", "Assignment_EF_3.csproj", "{516D3BF0-A120-4118-8957-3ABAA7D94EA5}"
EndProject
Global
	GlobalSection(SolutionConfigurationPlatforms) = preSolution
		Debug|Any CPU = Debug|Any CPU
		Release|Any CPU = Release|Any CPU
	EndGlobalSection
	GlobalSection(ProjectConfigurationPlatforms) = postSolution
		{516D3BF0-A120-4118-8957-3ABAA7D94EA5}.Debug|Any CPU.ActiveCfg = Debug|Any CPU
		{516D3BF0-A120-4118-8957-3ABAA7D94EA5}.Debug|Any CPU.Build.0 = Debug|Any CPU
		{516D3BF0-A120-4118-8957-3ABAA7D94EA5}.Release|Any CPU.ActiveCfg = Release|Any CPU
		{516D3BF0-A120-4118-8957-3ABAA7D94EA5}.Release|Any CPU.Build.0 = Release|Any CPU
	EndGlobalSection
	GlobalSection(SolutionProperties) = preSolution
		HideSolutionNode = FALSE
	EndGlobalSection
	GlobalSection(ExtensibilityGlobals) = postSolution
		SolutionGuid = {FF06BC52-7CD3-40C4-854C-432640B91137}
	EndGlobalSection
EndGlobal
